
Microsoft Visual Studio Solution File, Format Version 12.00
# Visual Studio 14
VisualStudioVersion = 14.0.23107.0
MinimumVisualStudioVersion = 10.0.40219.1
Project("{FAE04EC0-301F-11D3-BF4B-00C04F79EFBC}") = "GUI", "GUI\GUI.csproj", "{680EEE03-0B78-4483-832F-6FB4D16DFC19}"
EndProject
Project("{FAE04EC0-301F-11D3-BF4B-00C04F79EFBC}") = "TAG_DATA", "TAG_DATA\TAG_DATA.csproj", "{66663B64-B3BC-4F81-9AD0-E37A890C22D2}"
EndProject
Project("{FAE04EC0-301F-11D3-BF4B-00C04F79EFBC}") = "TAG_Domain", "TAG_Domain\TAG_Domain.csproj", "{4ED1CC19-8304-4C3C-B0BD-D2759D5E77DA}"
EndProject
Project("{FAE04EC0-301F-11D3-BF4B-00C04F79EFBC}") = "TAG_Service", "TAG_Service\TAG_Service.csproj", "{351077A6-31F7-4CC1-90E9-5A5E06275341}"
EndProject
Project("{FAE04EC0-301F-11D3-BF4B-00C04F79EFBC}") = "TAG_Service.Pattern", "TAG_Service.Pattern\TAG_Service.Pattern.csproj", "{98ACB10D-4EB5-409F-A84B-850B0F31C71E}"
EndProject
Global
	GlobalSection(SolutionConfigurationPlatforms) = preSolution
		Debug|Any CPU = Debug|Any CPU
		Release|Any CPU = Release|Any CPU
	EndGlobalSection
	GlobalSection(ProjectConfigurationPlatforms) = postSolution
		{680EEE03-0B78-4483-832F-6FB4D16DFC19}.Debug|Any CPU.ActiveCfg = Debug|Any CPU
		{680EEE03-0B78-4483-832F-6FB4D16DFC19}.Debug|Any CPU.Build.0 = Debug|Any CPU
		{680EEE03-0B78-4483-832F-6FB4D16DFC19}.Release|Any CPU.ActiveCfg = Release|Any CPU
		{680EEE03-0B78-4483-832F-6FB4D16DFC19}.Release|Any CPU.Build.0 = Release|Any CPU
		{66663B64-B3BC-4F81-9AD0-E37A890C22D2}.Debug|Any CPU.ActiveCfg = Debug|Any CPU
		{66663B64-B3BC-4F81-9AD0-E37A890C22D2}.Debug|Any CPU.Build.0 = Debug|Any CPU
		{66663B64-B3BC-4F81-9AD0-E37A890C22D2}.Release|Any CPU.ActiveCfg = Release|Any CPU
		{66663B64-B3BC-4F81-9AD0-E37A890C22D2}.Release|Any CPU.Build.0 = Release|Any CPU
		{4ED1CC19-8304-4C3C-B0BD-D2759D5E77DA}.Debug|Any CPU.ActiveCfg = Debug|Any CPU
		{4ED1CC19-8304-4C3C-B0BD-D2759D5E77DA}.Debug|Any CPU.Build.0 = Debug|Any CPU
		{4ED1CC19-8304-4C3C-B0BD-D2759D5E77DA}.Release|Any CPU.ActiveCfg = Release|Any CPU
		{4ED1CC19-8304-4C3C-B0BD-D2759D5E77DA}.Release|Any CPU.Build.0 = Release|Any CPU
		{351077A6-31F7-4CC1-90E9-5A5E06275341}.Debug|Any CPU.ActiveCfg = Debug|Any CPU
		{351077A6-31F7-4CC1-90E9-5A5E06275341}.Debug|Any CPU.Build.0 = Debug|Any CPU
		{351077A6-31F7-4CC1-90E9-5A5E06275341}.Release|Any CPU.ActiveCfg = Release|Any CPU
		{351077A6-31F7-4CC1-90E9-5A5E06275341}.Release|Any CPU.Build.0 = Release|Any CPU
		{98ACB10D-4EB5-409F-A84B-850B0F31C71E}.Debug|Any CPU.ActiveCfg = Debug|Any CPU
		{98ACB10D-4EB5-409F-A84B-850B0F31C71E}.Debug|Any CPU.Build.0 = Debug|Any CPU
		{98ACB10D-4EB5-409F-A84B-850B0F31C71E}.Release|Any CPU.ActiveCfg = Release|Any CPU
		{98ACB10D-4EB5-409F-A84B-850B0F31C71E}.Release|Any CPU.Build.0 = Release|Any CPU
	EndGlobalSection
	GlobalSection(SolutionProperties) = preSolution
		HideSolutionNode = FALSE
	EndGlobalSection
EndGlobal
